
Microsoft Visual Studio Solution File, Format Version 11.00
# Visual Studio 2010
Project("{FAE04EC0-301F-11D3-BF4B-00C04F79EFBC}") = "arp_sample", "arp_sample\arp_sample.csproj", "{2CA2D2F1-193B-4B51-9529-935E03936C84}"
EndProject
Project("{FAE04EC0-301F-11D3-BF4B-00C04F79EFBC}") = "ARP_Scanner", "ARP_Scanner\ARP_Scanner.csproj", "{A73C3225-E0E0-4B09-9330-A198184CFC7F}"
EndProject
Project("{FAE04EC0-301F-11D3-BF4B-00C04F79EFBC}") = "ArpCs", "ArpCs\ArpCs.csproj", "{B9D720EA-6236-4B04-AE52-27AA94412302}"
EndProject
Global
	GlobalSection(SolutionConfigurationPlatforms) = preSolution
		Debug|Any CPU = Debug|Any CPU
		Debug|Mixed Platforms = Debug|Mixed Platforms
		Debug|x86 = Debug|x86
		Release|Any CPU = Release|Any CPU
		Release|Mixed Platforms = Release|Mixed Platforms
		Release|x86 = Release|x86
	EndGlobalSection
	GlobalSection(ProjectConfigurationPlatforms) = postSolution
		{2CA2D2F1-193B-4B51-9529-935E03936C84}.Debug|Any CPU.ActiveCfg = Debug|x86
		{2CA2D2F1-193B-4B51-9529-935E03936C84}.Debug|Mixed Platforms.ActiveCfg = Debug|x86
		{2CA2D2F1-193B-4B51-9529-935E03936C84}.Debug|Mixed Platforms.Build.0 = Debug|x86
		{2CA2D2F1-193B-4B51-9529-935E03936C84}.Debug|x86.ActiveCfg = Debug|x86
		{2CA2D2F1-193B-4B51-9529-935E03936C84}.Debug|x86.Build.0 = Debug|x86
		{2CA2D2F1-193B-4B51-9529-935E03936C84}.Release|Any CPU.ActiveCfg = Release|x86
		{2CA2D2F1-193B-4B51-9529-935E03936C84}.Release|Mixed Platforms.ActiveCfg = Release|x86
		{2CA2D2F1-193B-4B51-9529-935E03936C84}.Release|Mixed Platforms.Build.0 = Release|x86
		{2CA2D2F1-193B-4B51-9529-935E03936C84}.Release|x86.ActiveCfg = Release|x86
		{2CA2D2F1-193B-4B51-9529-935E03936C84}.Release|x86.Build.0 = Release|x86
		{A73C3225-E0E0-4B09-9330-A198184CFC7F}.Debug|Any CPU.ActiveCfg = Debug|x86
		{A73C3225-E0E0-4B09-9330-A198184CFC7F}.Debug|Mixed Platforms.ActiveCfg = Debug|x86
		{A73C3225-E0E0-4B09-9330-A198184CFC7F}.Debug|Mixed Platforms.Build.0 = Debug|x86
		{A73C3225-E0E0-4B09-9330-A198184CFC7F}.Debug|x86.ActiveCfg = Debug|x86
		{A73C3225-E0E0-4B09-9330-A198184CFC7F}.Debug|x86.Build.0 = Debug|x86
		{A73C3225-E0E0-4B09-9330-A198184CFC7F}.Release|Any CPU.ActiveCfg = Release|x86
		{A73C3225-E0E0-4B09-9330-A198184CFC7F}.Release|Mixed Platforms.ActiveCfg = Release|x86
		{A73C3225-E0E0-4B09-9330-A198184CFC7F}.Release|Mixed Platforms.Build.0 = Release|x86
		{A73C3225-E0E0-4B09-9330-A198184CFC7F}.Release|x86.ActiveCfg = Release|x86
		{A73C3225-E0E0-4B09-9330-A198184CFC7F}.Release|x86.Build.0 = Release|x86
		{B9D720EA-6236-4B04-AE52-27AA94412302}.Debug|Any CPU.ActiveCfg = Debug|Any CPU
		{B9D720EA-6236-4B04-AE52-27AA94412302}.Debug|Any CPU.Build.0 = Debug|Any CPU
		{B9D720EA-6236-4B04-AE52-27AA94412302}.Debug|Mixed Platforms.ActiveCfg = Debug|Any CPU
		{B9D720EA-6236-4B04-AE52-27AA94412302}.Debug|Mixed Platforms.Build.0 = Debug|Any CPU
		{B9D720EA-6236-4B04-AE52-27AA94412302}.Debug|x86.ActiveCfg = Debug|Any CPU
		{B9D720EA-6236-4B04-AE52-27AA94412302}.Release|Any CPU.ActiveCfg = Release|Any CPU
		{B9D720EA-6236-4B04-AE52-27AA94412302}.Release|Any CPU.Build.0 = Release|Any CPU
		{B9D720EA-6236-4B04-AE52-27AA94412302}.Release|Mixed Platforms.ActiveCfg = Release|Any CPU
		{B9D720EA-6236-4B04-AE52-27AA94412302}.Release|Mixed Platforms.Build.0 = Release|Any CPU
		{B9D720EA-6236-4B04-AE52-27AA94412302}.Release|x86.ActiveCfg = Release|Any CPU
	EndGlobalSection
	GlobalSection(SolutionProperties) = preSolution
		HideSolutionNode = FALSE
	EndGlobalSection
EndGlobal
